
Microsoft Visual Studio Solution File, Format Version 9.00
# Visual C++ Express 2005
Project("{8BC9CEB8-8B4A-11D0-8D11-00A0C91BC942}") = "Color_TeamA", "Color_TeamA.vcproj", "{CB44FEE0-E073-49C7-91C4-13A082B4B023}"
EndProject
Global
	GlobalSection(SolutionConfigurationPlatforms) = preSolution
		Debug|Win32 = Debug|Win32
		Release|Win32 = Release|Win32
	EndGlobalSection
	GlobalSection(ProjectConfigurationPlatforms) = postSolution
		{CB44FEE0-E073-49C7-91C4-13A082B4B023}.Debug|Win32.ActiveCfg = Debug|Win32
		{CB44FEE0-E073-49C7-91C4-13A082B4B023}.Debug|Win32.Build.0 = Debug|Win32
		{CB44FEE0-E073-49C7-91C4-13A082B4B023}.Release|Win32.ActiveCfg = Release|Win32
		{CB44FEE0-E073-49C7-91C4-13A082B4B023}.Release|Win32.Build.0 = Release|Win32
	EndGlobalSection
	GlobalSection(SolutionProperties) = preSolution
		HideSolutionNode = FALSE
	EndGlobalSection
EndGlobal
