
Microsoft Visual Studio Solution File, Format Version 9.00
# Visual Studio 2005
Project("{8BC9CEB8-8B4A-11D0-8D11-00A0C91BC942}") = "T2_CMM", "T2_CMM.vcproj", "{F035CAC7-5748-4345-A50B-031B607D7EB7}"
EndProject
Global
	GlobalSection(SolutionConfigurationPlatforms) = preSolution
		Debug|Win32 = Debug|Win32
		Release|Win32 = Release|Win32
	EndGlobalSection
	GlobalSection(ProjectConfigurationPlatforms) = postSolution
		{F035CAC7-5748-4345-A50B-031B607D7EB7}.Debug|Win32.ActiveCfg = Debug|Win32
		{F035CAC7-5748-4345-A50B-031B607D7EB7}.Debug|Win32.Build.0 = Debug|Win32
		{F035CAC7-5748-4345-A50B-031B607D7EB7}.Release|Win32.ActiveCfg = Release|Win32
		{F035CAC7-5748-4345-A50B-031B607D7EB7}.Release|Win32.Build.0 = Release|Win32
	EndGlobalSection
	GlobalSection(SolutionProperties) = preSolution
		HideSolutionNode = FALSE
	EndGlobalSection
EndGlobal
