
Microsoft Visual Studio Solution File, Format Version 9.00
# Visual C++ Express 2005
Project("{8BC9CEB8-8B4A-11D0-8D11-00A0C91BC942}") = "Blend_TeamA", "Blend_TeamA.vcproj", "{71C58D7F-6C91-4DAA-8429-9464F9BC48B1}"
EndProject
Global
	GlobalSection(SolutionConfigurationPlatforms) = preSolution
		Debug|Win32 = Debug|Win32
		Release|Win32 = Release|Win32
	EndGlobalSection
	GlobalSection(ProjectConfigurationPlatforms) = postSolution
		{71C58D7F-6C91-4DAA-8429-9464F9BC48B1}.Debug|Win32.ActiveCfg = Debug|Win32
		{71C58D7F-6C91-4DAA-8429-9464F9BC48B1}.Debug|Win32.Build.0 = Debug|Win32
		{71C58D7F-6C91-4DAA-8429-9464F9BC48B1}.Release|Win32.ActiveCfg = Release|Win32
		{71C58D7F-6C91-4DAA-8429-9464F9BC48B1}.Release|Win32.Build.0 = Release|Win32
	EndGlobalSection
	GlobalSection(SolutionProperties) = preSolution
		HideSolutionNode = FALSE
	EndGlobalSection
EndGlobal
