
Microsoft Visual Studio Solution File, Format Version 9.00
# Visual C++ Express 2005
Project("{8BC9CEB8-8B4A-11D0-8D11-00A0C91BC942}") = "UDP_Server", "UDP_Server.vcproj", "{F952348B-611D-4E2E-8B60-66E974B646EF}"
EndProject
Global
	GlobalSection(SolutionConfigurationPlatforms) = preSolution
		Debug|Win32 = Debug|Win32
		Release|Win32 = Release|Win32
	EndGlobalSection
	GlobalSection(ProjectConfigurationPlatforms) = postSolution
		{F952348B-611D-4E2E-8B60-66E974B646EF}.Debug|Win32.ActiveCfg = Debug|Win32
		{F952348B-611D-4E2E-8B60-66E974B646EF}.Debug|Win32.Build.0 = Debug|Win32
		{F952348B-611D-4E2E-8B60-66E974B646EF}.Release|Win32.ActiveCfg = Release|Win32
		{F952348B-611D-4E2E-8B60-66E974B646EF}.Release|Win32.Build.0 = Release|Win32
	EndGlobalSection
	GlobalSection(SolutionProperties) = preSolution
		HideSolutionNode = FALSE
	EndGlobalSection
EndGlobal
