
Microsoft Visual Studio Solution File, Format Version 9.00
# Visual C++ Express 2005
Project("{8BC9CEB8-8B4A-11D0-8D11-00A0C91BC942}") = "Proj01Client_CMM", "Proj01Client_CMM.vcproj", "{7D242237-94CC-4F95-88A5-A13A908AEF0E}"
EndProject
Global
	GlobalSection(SolutionConfigurationPlatforms) = preSolution
		Debug|Win32 = Debug|Win32
		Release|Win32 = Release|Win32
	EndGlobalSection
	GlobalSection(ProjectConfigurationPlatforms) = postSolution
		{7D242237-94CC-4F95-88A5-A13A908AEF0E}.Debug|Win32.ActiveCfg = Debug|Win32
		{7D242237-94CC-4F95-88A5-A13A908AEF0E}.Debug|Win32.Build.0 = Debug|Win32
		{7D242237-94CC-4F95-88A5-A13A908AEF0E}.Release|Win32.ActiveCfg = Release|Win32
		{7D242237-94CC-4F95-88A5-A13A908AEF0E}.Release|Win32.Build.0 = Release|Win32
	EndGlobalSection
	GlobalSection(SolutionProperties) = preSolution
		HideSolutionNode = FALSE
	EndGlobalSection
EndGlobal
