
Microsoft Visual Studio Solution File, Format Version 9.00
# Visual C++ Express 2005
Project("{8BC9CEB8-8B4A-11D0-8D11-00A0C91BC942}") = "HQ_Lab05_cmm", "HQ_Lab05_cmm.vcproj", "{659790E7-B011-4204-B081-D304AC4A6C32}"
EndProject
Global
	GlobalSection(SolutionConfigurationPlatforms) = preSolution
		Debug|Win32 = Debug|Win32
		Release|Win32 = Release|Win32
	EndGlobalSection
	GlobalSection(ProjectConfigurationPlatforms) = postSolution
		{659790E7-B011-4204-B081-D304AC4A6C32}.Debug|Win32.ActiveCfg = Debug|Win32
		{659790E7-B011-4204-B081-D304AC4A6C32}.Debug|Win32.Build.0 = Debug|Win32
		{659790E7-B011-4204-B081-D304AC4A6C32}.Release|Win32.ActiveCfg = Release|Win32
		{659790E7-B011-4204-B081-D304AC4A6C32}.Release|Win32.Build.0 = Release|Win32
	EndGlobalSection
	GlobalSection(SolutionProperties) = preSolution
		HideSolutionNode = FALSE
	EndGlobalSection
EndGlobal
