
Microsoft Visual Studio Solution File, Format Version 9.00
# Visual C++ Express 2005
Project("{8BC9CEB8-8B4A-11D0-8D11-00A0C91BC942}") = "Project02_CMM", "Project02_CMM.vcproj", "{FBC4716C-7271-4A56-BEA8-7EEF1652F06D}"
EndProject
Global
	GlobalSection(SolutionConfigurationPlatforms) = preSolution
		Debug|Win32 = Debug|Win32
		Release|Win32 = Release|Win32
	EndGlobalSection
	GlobalSection(ProjectConfigurationPlatforms) = postSolution
		{FBC4716C-7271-4A56-BEA8-7EEF1652F06D}.Debug|Win32.ActiveCfg = Debug|Win32
		{FBC4716C-7271-4A56-BEA8-7EEF1652F06D}.Debug|Win32.Build.0 = Debug|Win32
		{FBC4716C-7271-4A56-BEA8-7EEF1652F06D}.Release|Win32.ActiveCfg = Release|Win32
		{FBC4716C-7271-4A56-BEA8-7EEF1652F06D}.Release|Win32.Build.0 = Release|Win32
	EndGlobalSection
	GlobalSection(SolutionProperties) = preSolution
		HideSolutionNode = FALSE
	EndGlobalSection
EndGlobal
