
Microsoft Visual Studio Solution File, Format Version 9.00
# Visual C++ Express 2005
Project("{8BC9CEB8-8B4A-11D0-8D11-00A0C91BC942}") = "Final_project", "Final_project.vcproj", "{76AD8E21-5D06-425A-97B0-C04AFB2EB08F}"
EndProject
Global
	GlobalSection(SolutionConfigurationPlatforms) = preSolution
		Debug|Win32 = Debug|Win32
		Release|Win32 = Release|Win32
	EndGlobalSection
	GlobalSection(ProjectConfigurationPlatforms) = postSolution
		{76AD8E21-5D06-425A-97B0-C04AFB2EB08F}.Debug|Win32.ActiveCfg = Debug|Win32
		{76AD8E21-5D06-425A-97B0-C04AFB2EB08F}.Debug|Win32.Build.0 = Debug|Win32
		{76AD8E21-5D06-425A-97B0-C04AFB2EB08F}.Release|Win32.ActiveCfg = Release|Win32
		{76AD8E21-5D06-425A-97B0-C04AFB2EB08F}.Release|Win32.Build.0 = Release|Win32
	EndGlobalSection
	GlobalSection(SolutionProperties) = preSolution
		HideSolutionNode = FALSE
	EndGlobalSection
EndGlobal
