
Microsoft Visual Studio Solution File, Format Version 9.00
# Visual C++ Express 2005
Project("{8BC9CEB8-8B4A-11D0-8D11-00A0C91BC942}") = "Lab07_CMM", "Lab07_CMM.vcproj", "{40790D81-1F97-47F8-A528-8323A5EA3CE4}"
EndProject
Global
	GlobalSection(SolutionConfigurationPlatforms) = preSolution
		Debug|Win32 = Debug|Win32
		Release|Win32 = Release|Win32
	EndGlobalSection
	GlobalSection(ProjectConfigurationPlatforms) = postSolution
		{40790D81-1F97-47F8-A528-8323A5EA3CE4}.Debug|Win32.ActiveCfg = Debug|Win32
		{40790D81-1F97-47F8-A528-8323A5EA3CE4}.Debug|Win32.Build.0 = Debug|Win32
		{40790D81-1F97-47F8-A528-8323A5EA3CE4}.Release|Win32.ActiveCfg = Release|Win32
		{40790D81-1F97-47F8-A528-8323A5EA3CE4}.Release|Win32.Build.0 = Release|Win32
	EndGlobalSection
	GlobalSection(SolutionProperties) = preSolution
		HideSolutionNode = FALSE
	EndGlobalSection
EndGlobal
