
Microsoft Visual Studio Solution File, Format Version 9.00
# Visual C++ Express 2005
Project("{8BC9CEB8-8B4A-11D0-8D11-00A0C91BC942}") = "Lab10_Server", "Lab10_Server.vcproj", "{986AC85A-8574-4B67-B6F7-6F5D2C23BA6E}"
EndProject
Global
	GlobalSection(SolutionConfigurationPlatforms) = preSolution
		Debug|Win32 = Debug|Win32
		Release|Win32 = Release|Win32
	EndGlobalSection
	GlobalSection(ProjectConfigurationPlatforms) = postSolution
		{986AC85A-8574-4B67-B6F7-6F5D2C23BA6E}.Debug|Win32.ActiveCfg = Debug|Win32
		{986AC85A-8574-4B67-B6F7-6F5D2C23BA6E}.Debug|Win32.Build.0 = Debug|Win32
		{986AC85A-8574-4B67-B6F7-6F5D2C23BA6E}.Release|Win32.ActiveCfg = Release|Win32
		{986AC85A-8574-4B67-B6F7-6F5D2C23BA6E}.Release|Win32.Build.0 = Release|Win32
	EndGlobalSection
	GlobalSection(SolutionProperties) = preSolution
		HideSolutionNode = FALSE
	EndGlobalSection
EndGlobal
