
Microsoft Visual Studio Solution File, Format Version 9.00
# Visual C++ Express 2005
Project("{8BC9CEB8-8B4A-11D0-8D11-00A0C91BC942}") = "Lab07_CMM", "Lab07_CMM.vcproj", "{978B38E8-6968-4DD0-8205-A135691742FA}"
EndProject
Global
	GlobalSection(SolutionConfigurationPlatforms) = preSolution
		Debug|Win32 = Debug|Win32
		Release|Win32 = Release|Win32
	EndGlobalSection
	GlobalSection(ProjectConfigurationPlatforms) = postSolution
		{978B38E8-6968-4DD0-8205-A135691742FA}.Debug|Win32.ActiveCfg = Debug|Win32
		{978B38E8-6968-4DD0-8205-A135691742FA}.Debug|Win32.Build.0 = Debug|Win32
		{978B38E8-6968-4DD0-8205-A135691742FA}.Release|Win32.ActiveCfg = Release|Win32
		{978B38E8-6968-4DD0-8205-A135691742FA}.Release|Win32.Build.0 = Release|Win32
	EndGlobalSection
	GlobalSection(SolutionProperties) = preSolution
		HideSolutionNode = FALSE
	EndGlobalSection
EndGlobal
