
Microsoft Visual Studio Solution File, Format Version 9.00
# Visual C++ Express 2005
Project("{8BC9CEB8-8B4A-11D0-8D11-00A0C91BC942}") = "tcp_server", "tcp_server.vcproj", "{D9D3B8A9-7A8E-4532-A371-0A6AB191B3D6}"
EndProject
Global
	GlobalSection(SolutionConfigurationPlatforms) = preSolution
		Debug|Win32 = Debug|Win32
		Release|Win32 = Release|Win32
	EndGlobalSection
	GlobalSection(ProjectConfigurationPlatforms) = postSolution
		{D9D3B8A9-7A8E-4532-A371-0A6AB191B3D6}.Debug|Win32.ActiveCfg = Debug|Win32
		{D9D3B8A9-7A8E-4532-A371-0A6AB191B3D6}.Debug|Win32.Build.0 = Debug|Win32
		{D9D3B8A9-7A8E-4532-A371-0A6AB191B3D6}.Release|Win32.ActiveCfg = Release|Win32
		{D9D3B8A9-7A8E-4532-A371-0A6AB191B3D6}.Release|Win32.Build.0 = Release|Win32
	EndGlobalSection
	GlobalSection(SolutionProperties) = preSolution
		HideSolutionNode = FALSE
	EndGlobalSection
EndGlobal
